lockfileVersion: '9.0'

settings:
  autoInstallPeers: true
  excludeLinksFromLockfile: false

importers:

  .:
    devDependencies:
      '@eslint/js':
        specifier: 10.0.1
        version: 10.0.1(eslint@10.0.1)
      eslint:
        specifier: 10.0.1
        version: 10.0.1
      prettier:
        specifier: 3.9.5
        version: 3.9.5
      typescript:
        specifier: 6.0.3
        version: 6.0.3
      typescript-eslint:
        specifier: 8.63.0
        version: 8.63.0(eslint@10.0.1)(typescript@6.0.3)

packages:

  '@eslint-community/eslint-utils@4.9.1':
    resolution: {integrity: sha1-TpCvZ7xR3e5s3vUoTt9XLsN2tZU=, tarball: https://ms-feed-12.pkgs.visualstudio.com/1es-public/_packaging/npm-public/npm/registry/@eslint-community/eslint-utils/-/eslint-utils-4.9.1.tgz}
    engines: {node: ^12.22.0 || ^14.17.0 || >=16.0.0}
    peerDependencies:
      eslint: ^6.0.0 || ^7.0.0 || >=8.0.0

  '@eslint-community/regexpp@4.12.2':
    resolution: {integrity: sha1-vM32Fbz3tujbgw7AuNIcmiXeWXs=, tarball: https://ms-feed-25.pkgs.visualstudio.com/1es-public/_packaging/npm-public/npm/registry/@eslint-community/regexpp/-/regexpp-4.12.2.tgz}
    engines: {node: ^12.0.0 || ^14.0.0 || >=16.0.0}

  '@eslint/config-array@0.23.5':
    resolution: {integrity: sha1-VuhtJDBJGV2KzAwGobPf3D+j3pU=, tarball: https://ms-feed-12.pkgs.visualstudio.com/1es-public/_packaging/npm-public/npm/registry/@eslint/config-array/-/config-array-0.23.5.tgz}
    engines: {node: ^20.19.0 || ^22.13.0 || >=24}

  '@eslint/config-helpers@0.5.5':
    resolution: {integrity: sha1-rhYTTkeSrF+9xTNUiiSsHqn3864=, tarball: https://ms-feed-25.pkgs.visualstudio.com/1es-public/_packaging/npm-public/npm/registry/@eslint/config-helpers/-/config-helpers-0.5.5.tgz}
    engines: {node: ^20.19.0 || ^22.13.0 || >=24}

  '@eslint/core@1.2.1':
    resolution: {integrity: sha1-wdp80bgvqHh/mLVin7gRhIobY84=, tarball: https://ms-feed-25.pkgs.visualstudio.com/1es-public/_packaging/npm-public/npm/registry/@eslint/core/-/core-1.2.1.tgz}
    engines: {node: ^20.19.0 || ^22.13.0 || >=24}

  '@eslint/js@10.0.1':
    resolution: {integrity: sha1-HoqHb1ARevirZ+R9WtlNONZiJYM=, tarball: https://ms-feed-25.pkgs.visualstudio.com/1es-public/_packaging/npm-public/npm/registry/@eslint/js/-/js-10.0.1.tgz}
    engines: {node: ^20.19.0 || ^22.13.0 || >=24}
    peerDependencies:
      eslint: ^10.0.0
    peerDependenciesMeta:
      eslint:
        optional: true

  '@eslint/object-schema@3.0.5':
    resolution: {integrity: sha1-iOm/TRHSsZwILnjr586IckpesJE=, tarball: https://ms-feed-25.pkgs.visualstudio.com/1es-public/_packaging/npm-public/npm/registry/@eslint/object-schema/-/object-schema-3.0.5.tgz}
    engines: {node: ^20.19.0 || ^22.13.0 || >=24}

  '@eslint/plugin-kit@0.6.1':
    resolution: {integrity: sha1-655mibVs6LwYVbszCQ5j8/wRXo4=, tarball: https://ms-feed-12.pkgs.visualstudio.com/1es-public/_packaging/npm-public/npm/registry/@eslint/plugin-kit/-/plugin-kit-0.6.1.tgz}
    engines: {node: ^20.19.0 || ^22.13.0 || >=24}

  '@humanfs/core@0.19.2':
    resolution: {integrity: sha1-qCcsoDsqz0kmcCIrIyC2xCG/3mA=, tarball: https://ms-feed-12.pkgs.visualstudio.com/1es-public/_packaging/npm-public/npm/registry/@humanfs/core/-/core-0.19.2.tgz}
    engines: {node: '>=18.18.0'}

  '@humanfs/node@0.16.8':
    resolution: {integrity: sha1-j4AMzME/T4zTEW4tnAqUk52j4+0=, tarball: https://ms-feed-2.pkgs.visualstudio.com/1es-public/_packaging/npm-public/npm/registry/@humanfs/node/-/node-0.16.8.tgz}
    engines: {node: '>=18.18.0'}

  '@humanfs/types@0.15.0':
    resolution: {integrity: sha1-8qCfYgEjkLK/8/xvskjd7IwJoJA=, tarball: https://ms-feed-2.pkgs.visualstudio.com/1es-public/_packaging/npm-public/npm/registry/@humanfs/types/-/types-0.15.0.tgz}
    engines: {node: '>=18.18.0'}

  '@humanwhocodes/module-importer@1.0.1':
    resolution: {integrity: sha1-r1smkaIrRL6EewyoFkHF+2rQFyw=, tarball: https://ms-feed-25.pkgs.visualstudio.com/1es-public/_packaging/npm-public/npm/registry/@humanwhocodes/module-importer/-/module-importer-1.0.1.tgz}
    engines: {node: '>=12.22'}

  '@humanwhocodes/retry@0.4.3':
    resolution: {integrity: sha1-wrnS43TuYsWG062+qHGZsdenpro=, tarball: https://ms-feed-2.pkgs.visualstudio.com/1es-public/_packaging/npm-public/npm/registry/@humanwhocodes/retry/-/retry-0.4.3.tgz}
    engines: {node: '>=18.18'}

  '@types/esrecurse@4.3.1':
    resolution: {integrity: sha1-b2Nq+WL75hkbgwvWdrpZhpJrzOw=, tarball: https://ms-feed-25.pkgs.visualstudio.com/1es-public/_packaging/npm-public/npm/registry/@types/esrecurse/-/esrecurse-4.3.1.tgz}

  '@types/estree@1.0.9':
    resolution: {integrity: sha1-zz8Oh2177hWpOrkluCv1cKOQSiQ=, tarball: https://ms-feed-2.pkgs.visualstudio.com/1es-public/_packaging/npm-public/npm/registry/@types/estree/-/estree-1.0.9.tgz}

  '@types/json-schema@7.0.15':
    resolution: {integrity: sha1-WWoXRyM2lNUPatinhp/Lb1bPWEE=, tarball: https://ms-feed-12.pkgs.visualstudio.com/1es-public/_packaging/npm-public/npm/registry/@types/json-schema/-/json-schema-7.0.15.tgz}

  '@typescript-eslint/eslint-plugin@8.63.0':
    resolution: {integrity: sha1-DYXQ7BoosONfSEzIIgqL8IQBnnE=, tarball: https://ms-feed-25.pkgs.visualstudio.com/1es-public/_packaging/npm-public/npm/registry/@typescript-eslint/eslint-plugin/-/eslint-plugin-8.63.0.tgz}
    engines: {node: ^18.18.0 || ^20.9.0 || >=21.1.0}
    peerDependencies:
      '@typescript-eslint/parser': ^8.63.0
      eslint: ^8.57.0 || ^9.0.0 || ^10.0.0
      typescript: '>=4.8.4 <6.1.0'

  '@typescript-eslint/parser@8.63.0':
    resolution: {integrity: sha1-KZMzjDeZA+avxyw1Mq5uFblzNNQ=, tarball: https://ms-feed-2.pkgs.visualstudio.com/1es-public/_packaging/npm-public/npm/registry/@typescript-eslint/parser/-/parser-8.63.0.tgz}
    engines: {node: ^18.18.0 || ^20.9.0 || >=21.1.0}
    peerDependencies:
      eslint: ^8.57.0 || ^9.0.0 || ^10.0.0
      typescript: '>=4.8.4 <6.1.0'

  '@typescript-eslint/project-service@8.63.0':
    resolution: {integrity: sha1-AaPQVQqGASdESpk5dJq0NFkc1xo=, tarball: https://ms-feed-2.pkgs.visualstudio.com/1es-public/_packaging/npm-public/npm/registry/@typescript-eslint/project-service/-/project-service-8.63.0.tgz}
    engines: {node: ^18.18.0 || ^20.9.0 || >=21.1.0}
    peerDependencies:
      typescript: '>=4.8.4 <6.1.0'

  '@typescript-eslint/scope-manager@8.63.0':
    resolution: {integrity: sha1-yc9+zSNPfsNG9i5cfSjfr01Qe00=, tarball: https://ms-feed-2.pkgs.visualstudio.com/1es-public/_packaging/npm-public/npm/registry/@typescript-eslint/scope-manager/-/scope-manager-8.63.0.tgz}
    engines: {node: ^18.18.0 || ^20.9.0 || >=21.1.0}

  '@typescript-eslint/tsconfig-utils@8.63.0':
    resolution: {integrity: sha1-9+HPmgKbtx9AJ/+kGUuoKvtWTNM=, tarball: https://ms-feed-25.pkgs.visualstudio.com/1es-public/_packaging/npm-public/npm/registry/@typescript-eslint/tsconfig-utils/-/tsconfig-utils-8.63.0.tgz}
    engines: {node: ^18.18.0 || ^20.9.0 || >=21.1.0}
    peerDependencies:
      typescript: '>=4.8.4 <6.1.0'

  '@typescript-eslint/type-utils@8.63.0':
    resolution: {integrity: sha1-nADzYhQBhsWI2oaz4QwhKAC2S4U=, tarball: https://ms-feed-12.pkgs.visualstudio.com/1es-public/_packaging/npm-public/npm/registry/@typescript-eslint/type-utils/-/type-utils-8.63.0.tgz}
    engines: {node: ^18.18.0 || ^20.9.0 || >=21.1.0}
    peerDependencies:
      eslint: ^8.57.0 || ^9.0.0 || ^10.0.0
      typescript: '>=4.8.4 <6.1.0'

  '@typescript-eslint/types@8.63.0':
    resolution: {integrity: sha1-azKwpZE1IFVNgamGrP/7otMraWM=, tarball: https://ms-feed-25.pkgs.visualstudio.com/1es-public/_packaging/npm-public/npm/registry/@typescript-eslint/types/-/types-8.63.0.tgz}
    engines: {node: ^18.18.0 || ^20.9.0 || >=21.1.0}

  '@typescript-eslint/typescript-estree@8.63.0':
    resolution: {integrity: sha1-pvnJzSkOmCA60phQsNclKdyDvnM=, tarball: https://ms-feed-25.pkgs.visualstudio.com/1es-public/_packaging/npm-public/npm/registry/@typescript-eslint/typescript-estree/-/typescript-estree-8.63.0.tgz}
    engines: {node: ^18.18.0 || ^20.9.0 || >=21.1.0}
    peerDependencies:
      typescript: '>=4.8.4 <6.1.0'

  '@typescript-eslint/utils@8.63.0':
    resolution: {integrity: sha1-tqbIr/HOvR3kQQs6Qrfsm6ZwPyM=, tarball: https://ms-feed-2.pkgs.visualstudio.com/1es-public/_packaging/npm-public/npm/registry/@typescript-eslint/utils/-/utils-8.63.0.tgz}
    engines: {node: ^18.18.0 || ^20.9.0 || >=21.1.0}
    peerDependencies:
      eslint: ^8.57.0 || ^9.0.0 || ^10.0.0
      typescript: '>=4.8.4 <6.1.0'

  '@typescript-eslint/visitor-keys@8.63.0':
    resolution: {integrity: sha1-KFOo4ztS8jVwM4+WzInLIj2qvUQ=, tarball: https://ms-feed-2.pkgs.visualstudio.com/1es-public/_packaging/npm-public/npm/registry/@typescript-eslint/visitor-keys/-/visitor-keys-8.63.0.tgz}
    engines: {node: ^18.18.0 || ^20.9.0 || >=21.1.0}

  acorn-jsx@5.3.2:
    resolution: {integrity: sha1-ftW7VZCLOy8bxVxq8WU7rafweTc=, tarball: https://ms-feed-25.pkgs.visualstudio.com/1es-public/_packaging/npm-public/npm/registry/acorn-jsx/-/acorn-jsx-5.3.2.tgz}
    peerDependencies:
      acorn: ^6.0.0 || ^7.0.0 || ^8.0.0

  acorn@8.17.0:
    resolution: {integrity: sha1-F4WtuE+vjYrdEDabk4Jvwr0I8f4=, tarball: https://ms-feed-25.pkgs.visualstudio.com/1es-public/_packaging/npm-public/npm/registry/acorn/-/acorn-8.17.0.tgz}
    engines: {node: '>=0.4.0'}
    hasBin: true

  ajv@6.15.0:
    resolution: {integrity: sha1-B+mCx0YmFnqnoklcU4F4ktcTlJI=, tarball: https://ms-feed-12.pkgs.visualstudio.com/1es-public/_packaging/npm-public/npm/registry/ajv/-/ajv-6.15.0.tgz}

  balanced-match@4.0.4:
    resolution: {integrity: sha1-v7EGYv7tgZaixi58aOF3IMJ0F5o=, tarball: https://ms-feed-2.pkgs.visualstudio.com/1es-public/_packaging/npm-public/npm/registry/balanced-match/-/balanced-match-4.0.4.tgz}
    engines: {node: 18 || 20 || >=22}

  brace-expansion@5.0.7:
    resolution: {integrity: sha1-Gw5GlltHna1lr3N7SgJ5CgVJgzc=, tarball: https://ms-feed-12.pkgs.visualstudio.com/1es-public/_packaging/npm-public/npm/registry/brace-expansion/-/brace-expansion-5.0.7.tgz}
    engines: {node: 18 || 20 || >=22}

  cross-spawn@7.0.6:
    resolution: {integrity: sha1-ilj+ePANzXDDcEUXWd+/rwPo7p8=, tarball: https://ms-feed-25.pkgs.visualstudio.com/1es-public/_packaging/npm-public/npm/registry/cross-spawn/-/cross-spawn-7.0.6.tgz}
    engines: {node: '>= 8'}

  debug@4.4.3:
    resolution: {integrity: sha1-xq5DLZvZZiWC/OCHCbA4xY6ePWo=, tarball: https://ms-feed-12.pkgs.visualstudio.com/1es-public/_packaging/npm-public/npm/registry/debug/-/debug-4.4.3.tgz}
    engines: {node: '>=6.0'}
    peerDependencies:
      supports-color: '*'
    peerDependenciesMeta:
      supports-color:
        optional: true

  deep-is@0.1.4:
    resolution: {integrity: sha1-pvLc5hL63S7x9Rm3NVHxfoUZmDE=, tarball: https://ms-feed-25.pkgs.visualstudio.com/1es-public/_packaging/npm-public/npm/registry/deep-is/-/deep-is-0.1.4.tgz}

  escape-string-regexp@4.0.0:
    resolution: {integrity: sha1-FLqDpdNz49MR5a/KKc9b+tllvzQ=, tarball: https://ms-feed-2.pkgs.visualstudio.com/1es-public/_packaging/npm-public/npm/registry/escape-string-regexp/-/escape-string-regexp-4.0.0.tgz}
    engines: {node: '>=10'}

  eslint-scope@9.1.2:
    resolution: {integrity: sha1-ud5qzi+rHP8k0uWNhbdMj86jmAI=, tarball: https://ms-feed-12.pkgs.visualstudio.com/1es-public/_packaging/npm-public/npm/registry/eslint-scope/-/eslint-scope-9.1.2.tgz}
    engines: {node: ^20.19.0 || ^22.13.0 || >=24}

  eslint-visitor-keys@3.4.3:
    resolution: {integrity: sha1-DNcv6FUOPC6uFWqWpN3c0cisWAA=, tarball: https://ms-feed-2.pkgs.visualstudio.com/1es-public/_packaging/npm-public/npm/registry/eslint-visitor-keys/-/eslint-visitor-keys-3.4.3.tgz}
    engines: {node: ^12.22.0 || ^14.17.0 || >=16.0.0}

  eslint-visitor-keys@5.0.1:
    resolution: {integrity: sha1-njyUiWl4JNLUzjqK0SYo+R6fWb4=, tarball: https://ms-feed-2.pkgs.visualstudio.com/1es-public/_packaging/npm-public/npm/registry/eslint-visitor-keys/-/eslint-visitor-keys-5.0.1.tgz}
    engines: {node: ^20.19.0 || ^22.13.0 || >=24}

  eslint@10.0.1:
    resolution: {integrity: sha1-tcX3cGeCohWQumRR56MNKUcnPC0=, tarball: https://ms-feed-25.pkgs.visualstudio.com/1es-public/_packaging/npm-public/npm/registry/eslint/-/eslint-10.0.1.tgz}
    engines: {node: ^20.19.0 || ^22.13.0 || >=24}
    hasBin: true
    peerDependencies:
      jiti: '*'
    peerDependenciesMeta:
      jiti:
        optional: true

  espree@11.2.0:
    resolution: {integrity: sha1-AdXkfcMyqrowWQCDYkVKjMNMyqU=, tarball: https://ms-feed-2.pkgs.visualstudio.com/1es-public/_packaging/npm-public/npm/registry/espree/-/espree-11.2.0.tgz}
    engines: {node: ^20.19.0 || ^22.13.0 || >=24}

  esquery@1.7.0:
    resolution: {integrity: sha1-CNBI8mHw3e21uulfRoCUY9nJSW0=, tarball: https://ms-feed-25.pkgs.visualstudio.com/1es-public/_packaging/npm-public/npm/registry/esquery/-/esquery-1.7.0.tgz}
    engines: {node: '>=0.10'}

  esrecurse@4.3.0:
    resolution: {integrity: sha1-eteWTWeauyi+5yzsY3WLHF0smSE=, tarball: https://ms-feed-2.pkgs.visualstudio.com/1es-public/_packaging/npm-public/npm/registry/esrecurse/-/esrecurse-4.3.0.tgz}
    engines: {node: '>=4.0'}

  estraverse@5.3.0:
    resolution: {integrity: sha1-LupSkHAvJquP5TcDcP+GyWXSESM=, tarball: https://ms-feed-2.pkgs.visualstudio.com/1es-public/_packaging/npm-public/npm/registry/estraverse/-/estraverse-5.3.0.tgz}
    engines: {node: '>=4.0'}

  esutils@2.0.3:
    resolution: {integrity: sha1-dNLrTeC42hKTcRkQ1Qd1ubcQ72Q=, tarball: https://ms-feed-2.pkgs.visualstudio.com/1es-public/_packaging/npm-public/npm/registry/esutils/-/esutils-2.0.3.tgz}
    engines: {node: '>=0.10.0'}

  fast-deep-equal@3.1.3:
    resolution: {integrity: sha1-On1WtVnWy8PrUSMlJE5hmmXGxSU=, tarball: https://ms-feed-12.pkgs.visualstudio.com/1es-public/_packaging/npm-public/npm/registry/fast-deep-equal/-/fast-deep-equal-3.1.3.tgz}

  fast-json-stable-stringify@2.1.0:
    resolution: {integrity: sha1-h0v2nG9ATCtdmcSBNBOZ/VWJJjM=, tarball: https://ms-feed-12.pkgs.visualstudio.com/1es-public/_packaging/npm-public/npm/registry/fast-json-stable-stringify/-/fast-json-stable-stringify-2.1.0.tgz}

  fast-levenshtein@2.0.6:
    resolution: {integrity: sha1-PYpcZog6FqMMqGQ+hR8Zuqd5eRc=, tarball: https://ms-feed-12.pkgs.visualstudio.com/1es-public/_packaging/npm-public/npm/registry/fast-levenshtein/-/fast-levenshtein-2.0.6.tgz}

  fdir@6.5.0:
    resolution: {integrity: sha1-7Sq5Z6MxreYvGNB32uGSaE1Q01A=, tarball: https://ms-feed-12.pkgs.visualstudio.com/1es-public/_packaging/npm-public/npm/registry/fdir/-/fdir-6.5.0.tgz}
    engines: {node: '>=12.0.0'}
    peerDependencies:
      picomatch: ^3 || ^4
    peerDependenciesMeta:
      picomatch:
        optional: true

  file-entry-cache@8.0.0:
    resolution: {integrity: sha1-d4e93PETG/+5JjbGlFe7wO3W2B8=, tarball: https://ms-feed-12.pkgs.visualstudio.com/1es-public/_packaging/npm-public/npm/registry/file-entry-cache/-/file-entry-cache-8.0.0.tgz}
    engines: {node: '>=16.0.0'}

  find-up@5.0.0:
    resolution: {integrity: sha1-TJKBnstwg1YeT0okCoa+UZj1Nvw=, tarball: https://ms-feed-25.pkgs.visualstudio.com/1es-public/_packaging/npm-public/npm/registry/find-up/-/find-up-5.0.0.tgz}
    engines: {node: '>=10'}

  flat-cache@4.0.1:
    resolution: {integrity: sha1-Ds45/LFO4BL0sEEL0z3ZwfAREnw=, tarball: https://ms-feed-2.pkgs.visualstudio.com/1es-public/_packaging/npm-public/npm/registry/flat-cache/-/flat-cache-4.0.1.tgz}
    engines: {node: '>=16'}

  flatted@3.4.2:
    resolution: {integrity: sha1-9cI8EH8PN96NvfJPE3IrO5jVJyY=, tarball: https://ms-feed-2.pkgs.visualstudio.com/1es-public/_packaging/npm-public/npm/registry/flatted/-/flatted-3.4.2.tgz}

  glob-parent@6.0.2:
    resolution: {integrity: sha1-bSN9mQg5UMeSkPJMdkKj3poo+eM=, tarball: https://ms-feed-25.pkgs.visualstudio.com/1es-public/_packaging/npm-public/npm/registry/glob-parent/-/glob-parent-6.0.2.tgz}
    engines: {node: '>=10.13.0'}

  ignore@5.3.2:
    resolution: {integrity: sha1-PNQOcp82Q/2HywTlC/DrcivFlvU=, tarball: https://ms-feed-25.pkgs.visualstudio.com/1es-public/_packaging/npm-public/npm/registry/ignore/-/ignore-5.3.2.tgz}
    engines: {node: '>= 4'}

  ignore@7.0.6:
    resolution: {integrity: sha1-aleq70yQ3yesNZCHXSno8RmIyI4=, tarball: https://ms-feed-25.pkgs.visualstudio.com/1es-public/_packaging/npm-public/npm/registry/ignore/-/ignore-7.0.6.tgz}
    engines: {node: '>= 4'}

  imurmurhash@0.1.4:
    resolution: {integrity: sha1-khi5srkoojixPcT7a21XbyMUU+o=, tarball: https://ms-feed-12.pkgs.visualstudio.com/1es-public/_packaging/npm-public/npm/registry/imurmurhash/-/imurmurhash-0.1.4.tgz}
    engines: {node: '>=0.8.19'}

  is-extglob@2.1.1:
    resolution: {integrity: sha1-qIwCU1eR8C7TfHahueqXc8gz+MI=, tarball: https://ms-feed-2.pkgs.visualstudio.com/1es-public/_packaging/npm-public/npm/registry/is-extglob/-/is-extglob-2.1.1.tgz}
    engines: {node: '>=0.10.0'}

  is-glob@4.0.3:
    resolution: {integrity: sha1-ZPYeQsu7LuwgcanawLKLoeZdUIQ=, tarball: https://ms-feed-2.pkgs.visualstudio.com/1es-public/_packaging/npm-public/npm/registry/is-glob/-/is-glob-4.0.3.tgz}
    engines: {node: '>=0.10.0'}

  isexe@2.0.0:
    resolution: {integrity: sha1-6PvzdNxVb/iUehDcsFctYz8s+hA=, tarball: https://ms-feed-25.pkgs.visualstudio.com/1es-public/_packaging/npm-public/npm/registry/isexe/-/isexe-2.0.0.tgz}

  json-buffer@3.0.1:
    resolution: {integrity: sha1-kziAKjDTtmBfvgYT4JQAjKjAWhM=, tarball: https://ms-feed-12.pkgs.visualstudio.com/1es-public/_packaging/npm-public/npm/registry/json-buffer/-/json-buffer-3.0.1.tgz}

  json-schema-traverse@0.4.1:
    resolution: {integrity: sha1-afaofZUTq4u4/mO9sJecRI5oRmA=, tarball: https://ms-feed-25.pkgs.visualstudio.com/1es-public/_packaging/npm-public/npm/registry/json-schema-traverse/-/json-schema-traverse-0.4.1.tgz}

  json-stable-stringify-without-jsonify@1.0.1:
    resolution: {integrity: sha1-nbe1lJatPzz+8wp1FC0tkwrXJlE=, tarball: https://ms-feed-2.pkgs.visualstudio.com/1es-public/_packaging/npm-public/npm/registry/json-stable-stringify-without-jsonify/-/json-stable-stringify-without-jsonify-1.0.1.tgz}

  keyv@4.5.4:
    resolution: {integrity: sha1-qHmpnilFL5QkOfKkBeOvizHU3pM=, tarball: https://ms-feed-2.pkgs.visualstudio.com/1es-public/_packaging/npm-public/npm/registry/keyv/-/keyv-4.5.4.tgz}

  levn@0.4.1:
    resolution: {integrity: sha1-rkViwAdHO5MqYgDUAyaN0v/8at4=, tarball: https://ms-feed-12.pkgs.visualstudio.com/1es-public/_packaging/npm-public/npm/registry/levn/-/levn-0.4.1.tgz}
    engines: {node: '>= 0.8.0'}

  locate-path@6.0.0:
    resolution: {integrity: sha1-VTIeswn+u8WcSAHZMackUqaB0oY=, tarball: https://ms-feed-12.pkgs.visualstudio.com/1es-public/_packaging/npm-public/npm/registry/locate-path/-/locate-path-6.0.0.tgz}
    engines: {node: '>=10'}

  minimatch@10.2.5:
    resolution: {integrity: sha1-vUhoegvjjtKWE5kQVgD4MglYYdE=, tarball: https://ms-feed-25.pkgs.visualstudio.com/1es-public/_packaging/npm-public/npm/registry/minimatch/-/minimatch-10.2.5.tgz}
    engines: {node: 18 || 20 || >=22}

  ms@2.1.3:
    resolution: {integrity: sha1-V0yBOM4dK1hh8LRFedut1gxmFbI=, tarball: https://ms-feed-25.pkgs.visualstudio.com/1es-public/_packaging/npm-public/npm/registry/ms/-/ms-2.1.3.tgz}

  natural-compare@1.4.0:
    resolution: {integrity: sha1-Sr6/7tdUHywnrPspvbvRXI1bpPc=, tarball: https://ms-feed-25.pkgs.visualstudio.com/1es-public/_packaging/npm-public/npm/registry/natural-compare/-/natural-compare-1.4.0.tgz}

  optionator@0.9.4:
    resolution: {integrity: sha1-fqHBpdkddk+yghOciP4R4YKjpzQ=, tarball: https://ms-feed-12.pkgs.visualstudio.com/1es-public/_packaging/npm-public/npm/registry/optionator/-/optionator-0.9.4.tgz}
    engines: {node: '>= 0.8.0'}

  p-limit@3.1.0:
    resolution: {integrity: sha1-4drMvnjQ0TiMoYxk/qOOPlfjcGs=, tarball: https://ms-feed-12.pkgs.visualstudio.com/1es-public/_packaging/npm-public/npm/registry/p-limit/-/p-limit-3.1.0.tgz}
    engines: {node: '>=10'}

  p-locate@5.0.0:
    resolution: {integrity: sha1-g8gxXGeFAF470CGDlBHJ4RDm2DQ=, tarball: https://ms-feed-2.pkgs.visualstudio.com/1es-public/_packaging/npm-public/npm/registry/p-locate/-/p-locate-5.0.0.tgz}
    engines: {node: '>=10'}

  path-exists@4.0.0:
    resolution: {integrity: sha1-UTvb4tO5XXdi6METfvoZXGxhtbM=, tarball: https://ms-feed-25.pkgs.visualstudio.com/1es-public/_packaging/npm-public/npm/registry/path-exists/-/path-exists-4.0.0.tgz}
    engines: {node: '>=8'}

  path-key@3.1.1:
    resolution: {integrity: sha1-WB9q3mWMu6ZaDTOA3ndTKVBU83U=, tarball: https://ms-feed-25.pkgs.visualstudio.com/1es-public/_packaging/npm-public/npm/registry/path-key/-/path-key-3.1.1.tgz}
    engines: {node: '>=8'}

  picomatch@4.0.5:
    resolution: {integrity: sha1-UepXoX2G9gX4EDlZX7xA7QalX6s=, tarball: https://ms-feed-12.pkgs.visualstudio.com/1es-public/_packaging/npm-public/npm/registry/picomatch/-/picomatch-4.0.5.tgz}
    engines: {node: '>=12'}

  prelude-ls@1.2.1:
    resolution: {integrity: sha1-3rxkidem5rDnYRiIzsiAM30xY5Y=, tarball: https://ms-feed-2.pkgs.visualstudio.com/1es-public/_packaging/npm-public/npm/registry/prelude-ls/-/prelude-ls-1.2.1.tgz}
    engines: {node: '>= 0.8.0'}

  prettier@3.9.5:
    resolution: {integrity: sha1-T+yXc24zudC2ILSJFP6TtTDoNa0=, tarball: https://ms-feed-25.pkgs.visualstudio.com/1es-public/_packaging/npm-public/npm/registry/prettier/-/prettier-3.9.5.tgz}
    engines: {node: '>=14'}
    hasBin: true

  punycode@2.3.1:
    resolution: {integrity: sha1-AnQi4vrsCyXhVJw+G9gwm5EztuU=, tarball: https://ms-feed-2.pkgs.visualstudio.com/1es-public/_packaging/npm-public/npm/registry/punycode/-/punycode-2.3.1.tgz}
    engines: {node: '>=6'}

  semver@7.8.5:
    resolution: {integrity: sha1-ObZGA33VDBT7RR5+TKxY7YuGP2k=, tarball: https://ms-feed-2.pkgs.visualstudio.com/1es-public/_packaging/npm-public/npm/registry/semver/-/semver-7.8.5.tgz}
    engines: {node: '>=10'}
    hasBin: true

  shebang-command@2.0.0:
    resolution: {integrity: sha1-zNCvT4g1+9wmW4JGGq8MNmY/NOo=, tarball: https://ms-feed-12.pkgs.visualstudio.com/1es-public/_packaging/npm-public/npm/registry/shebang-command/-/shebang-command-2.0.0.tgz}
    engines: {node: '>=8'}

  shebang-regex@3.0.0:
    resolution: {integrity: sha1-rhbxZE2HPsrYQ7AwexQzYtTEIXI=, tarball: https://ms-feed-12.pkgs.visualstudio.com/1es-public/_packaging/npm-public/npm/registry/shebang-regex/-/shebang-regex-3.0.0.tgz}
    engines: {node: '>=8'}

  tinyglobby@0.2.17:
    resolution: {integrity: sha1-ViqabJ6ys7Ej05cZ+a9btE/NdjE=, tarball: https://ms-feed-12.pkgs.visualstudio.com/1es-public/_packaging/npm-public/npm/registry/tinyglobby/-/tinyglobby-0.2.17.tgz}
    engines: {node: '>=12.0.0'}

  ts-api-utils@2.5.0:
    resolution: {integrity: sha1-Ss1KFV4ic0mQpe0f6el/ETvLN8E=, tarball: https://ms-feed-12.pkgs.visualstudio.com/1es-public/_packaging/npm-public/npm/registry/ts-api-utils/-/ts-api-utils-2.5.0.tgz}
    engines: {node: '>=18.12'}
    peerDependencies:
      typescript: '>=4.8.4'

  type-check@0.4.0:
    resolution: {integrity: sha1-B7ggO/pwVsBlcFDjzNLDdzC6uPE=, tarball: https://ms-feed-25.pkgs.visualstudio.com/1es-public/_packaging/npm-public/npm/registry/type-check/-/type-check-0.4.0.tgz}
    engines: {node: '>= 0.8.0'}

  typescript-eslint@8.63.0:
    resolution: {integrity: sha1-HCtlyYlXKvcRP7rn9Ux/+rD76xI=, tarball: https://ms-feed-25.pkgs.visualstudio.com/1es-public/_packaging/npm-public/npm/registry/typescript-eslint/-/typescript-eslint-8.63.0.tgz}
    engines: {node: ^18.18.0 || ^20.9.0 || >=21.1.0}
    peerDependencies:
      eslint: ^8.57.0 || ^9.0.0 || ^10.0.0
      typescript: '>=4.8.4 <6.1.0'

  typescript@6.0.3:
    resolution: {integrity: sha1-kCUdwAeRbpcnhsuU100VsYVXfSE=, tarball: https://ms-feed-12.pkgs.visualstudio.com/1es-public/_packaging/npm-public/npm/registry/typescript/-/typescript-6.0.3.tgz}
    engines: {node: '>=14.17'}
    hasBin: true

  uri-js@4.4.1:
    resolution: {integrity: sha1-mxpSWVIlhZ5V9mnZKPiMbFfyp34=, tarball: https://ms-feed-25.pkgs.visualstudio.com/1es-public/_packaging/npm-public/npm/registry/uri-js/-/uri-js-4.4.1.tgz}

  which@2.0.2:
    resolution: {integrity: sha1-fGqN0KY2oDJ+ELWckobu6T8/UbE=, tarball: https://ms-feed-12.pkgs.visualstudio.com/1es-public/_packaging/npm-public/npm/registry/which/-/which-2.0.2.tgz}
    engines: {node: '>= 8'}
    hasBin: true

  word-wrap@1.2.5:
    resolution: {integrity: sha1-0sRcbdT7zmIaZvE2y+Mor9BBCzQ=, tarball: https://ms-feed-25.pkgs.visualstudio.com/1es-public/_packaging/npm-public/npm/registry/word-wrap/-/word-wrap-1.2.5.tgz}
    engines: {node: '>=0.10.0'}

  yocto-queue@0.1.0:
    resolution: {integrity: sha1-ApTrPe4FAo0x7hpfosVWpqrxChs=, tarball: https://ms-feed-12.pkgs.visualstudio.com/1es-public/_packaging/npm-public/npm/registry/yocto-queue/-/yocto-queue-0.1.0.tgz}
    engines: {node: '>=10'}

snapshots:

  '@eslint-community/eslint-utils@4.9.1(eslint@10.0.1)':
    dependencies:
      eslint: 10.0.1
      eslint-visitor-keys: 3.4.3

  '@eslint-community/regexpp@4.12.2': {}

  '@eslint/config-array@0.23.5':
    dependencies:
      '@eslint/object-schema': 3.0.5
      debug: 4.4.3
      minimatch: 10.2.5
    transitivePeerDependencies:
      - supports-color

  '@eslint/config-helpers@0.5.5':
    dependencies:
      '@eslint/core': 1.2.1

  '@eslint/core@1.2.1':
    dependencies:
      '@types/json-schema': 7.0.15

  '@eslint/js@10.0.1(eslint@10.0.1)':
    optionalDependencies:
      eslint: 10.0.1

  '@eslint/object-schema@3.0.5': {}

  '@eslint/plugin-kit@0.6.1':
    dependencies:
      '@eslint/core': 1.2.1
      levn: 0.4.1

  '@humanfs/core@0.19.2':
    dependencies:
      '@humanfs/types': 0.15.0

  '@humanfs/node@0.16.8':
    dependencies:
      '@humanfs/core': 0.19.2
      '@humanfs/types': 0.15.0
      '@humanwhocodes/retry': 0.4.3

  '@humanfs/types@0.15.0': {}

  '@humanwhocodes/module-importer@1.0.1': {}

  '@humanwhocodes/retry@0.4.3': {}

  '@types/esrecurse@4.3.1': {}

  '@types/estree@1.0.9': {}

  '@types/json-schema@7.0.15': {}

  '@typescript-eslint/eslint-plugin@8.63.0(@typescript-eslint/parser@8.63.0(eslint@10.0.1)(typescript@6.0.3))(eslint@10.0.1)(typescript@6.0.3)':
    dependencies:
      '@eslint-community/regexpp': 4.12.2
      '@typescript-eslint/parser': 8.63.0(eslint@10.0.1)(typescript@6.0.3)
      '@typescript-eslint/scope-manager': 8.63.0
      '@typescript-eslint/type-utils': 8.63.0(eslint@10.0.1)(typescript@6.0.3)
      '@typescript-eslint/utils': 8.63.0(eslint@10.0.1)(typescript@6.0.3)
      '@typescript-eslint/visitor-keys': 8.63.0
      eslint: 10.0.1
      ignore: 7.0.6
      natural-compare: 1.4.0
      ts-api-utils: 2.5.0(typescript@6.0.3)
      typescript: 6.0.3
    transitivePeerDependencies:
      - supports-color

  '@typescript-eslint/parser@8.63.0(eslint@10.0.1)(typescript@6.0.3)':
    dependencies:
      '@typescript-eslint/scope-manager': 8.63.0
      '@typescript-eslint/types': 8.63.0
      '@typescript-eslint/typescript-estree': 8.63.0(typescript@6.0.3)
      '@typescript-eslint/visitor-keys': 8.63.0
      debug: 4.4.3
      eslint: 10.0.1
      typescript: 6.0.3
    transitivePeerDependencies:
      - supports-color

  '@typescript-eslint/project-service@8.63.0(typescript@6.0.3)':
    dependencies:
      '@typescript-eslint/tsconfig-utils': 8.63.0(typescript@6.0.3)
      '@typescript-eslint/types': 8.63.0
      debug: 4.4.3
      typescript: 6.0.3
    transitivePeerDependencies:
      - supports-color

  '@typescript-eslint/scope-manager@8.63.0':
    dependencies:
      '@typescript-eslint/types': 8.63.0
      '@typescript-eslint/visitor-keys': 8.63.0

  '@typescript-eslint/tsconfig-utils@8.63.0(typescript@6.0.3)':
    dependencies:
      typescript: 6.0.3

  '@typescript-eslint/type-utils@8.63.0(eslint@10.0.1)(typescript@6.0.3)':
    dependencies:
      '@typescript-eslint/types': 8.63.0
      '@typescript-eslint/typescript-estree': 8.63.0(typescript@6.0.3)
      '@typescript-eslint/utils': 8.63.0(eslint@10.0.1)(typescript@6.0.3)
      debug: 4.4.3
      eslint: 10.0.1
      ts-api-utils: 2.5.0(typescript@6.0.3)
      typescript: 6.0.3
    transitivePeerDependencies:
      - supports-color

  '@typescript-eslint/types@8.63.0': {}

  '@typescript-eslint/typescript-estree@8.63.0(typescript@6.0.3)':
    dependencies:
      '@typescript-eslint/project-service': 8.63.0(typescript@6.0.3)
      '@typescript-eslint/tsconfig-utils': 8.63.0(typescript@6.0.3)
      '@typescript-eslint/types': 8.63.0
      '@typescript-eslint/visitor-keys': 8.63.0
      debug: 4.4.3
      minimatch: 10.2.5
      semver: 7.8.5
      tinyglobby: 0.2.17
      ts-api-utils: 2.5.0(typescript@6.0.3)
      typescript: 6.0.3
    transitivePeerDependencies:
      - supports-color

  '@typescript-eslint/utils@8.63.0(eslint@10.0.1)(typescript@6.0.3)':
    dependencies:
      '@eslint-community/eslint-utils': 4.9.1(eslint@10.0.1)
      '@typescript-eslint/scope-manager': 8.63.0
      '@typescript-eslint/types': 8.63.0
      '@typescript-eslint/typescript-estree': 8.63.0(typescript@6.0.3)
      eslint: 10.0.1
      typescript: 6.0.3
    transitivePeerDependencies:
      - supports-color

  '@typescript-eslint/visitor-keys@8.63.0':
    dependencies:
      '@typescript-eslint/types': 8.63.0
      eslint-visitor-keys: 5.0.1

  acorn-jsx@5.3.2(acorn@8.17.0):
    dependencies:
      acorn: 8.17.0

  acorn@8.17.0: {}

  ajv@6.15.0:
    dependencies:
      fast-deep-equal: 3.1.3
      fast-json-stable-stringify: 2.1.0
      json-schema-traverse: 0.4.1
      uri-js: 4.4.1

  balanced-match@4.0.4: {}

  brace-expansion@5.0.7:
    dependencies:
      balanced-match: 4.0.4

  cross-spawn@7.0.6:
    dependencies:
      path-key: 3.1.1
      shebang-command: 2.0.0
      which: 2.0.2

  debug@4.4.3:
    dependencies:
      ms: 2.1.3

  deep-is@0.1.4: {}

  escape-string-regexp@4.0.0: {}

  eslint-scope@9.1.2:
    dependencies:
      '@types/esrecurse': 4.3.1
      '@types/estree': 1.0.9
      esrecurse: 4.3.0
      estraverse: 5.3.0

  eslint-visitor-keys@3.4.3: {}

  eslint-visitor-keys@5.0.1: {}

  eslint@10.0.1:
    dependencies:
      '@eslint-community/eslint-utils': 4.9.1(eslint@10.0.1)
      '@eslint-community/regexpp': 4.12.2
      '@eslint/config-array': 0.23.5
      '@eslint/config-helpers': 0.5.5
      '@eslint/core': 1.2.1
      '@eslint/plugin-kit': 0.6.1
      '@humanfs/node': 0.16.8
      '@humanwhocodes/module-importer': 1.0.1
      '@humanwhocodes/retry': 0.4.3
      '@types/estree': 1.0.9
      ajv: 6.15.0
      cross-spawn: 7.0.6
      debug: 4.4.3
      escape-string-regexp: 4.0.0
      eslint-scope: 9.1.2
      eslint-visitor-keys: 5.0.1
      espree: 11.2.0
      esquery: 1.7.0
      esutils: 2.0.3
      fast-deep-equal: 3.1.3
      file-entry-cache: 8.0.0
      find-up: 5.0.0
      glob-parent: 6.0.2
      ignore: 5.3.2
      imurmurhash: 0.1.4
      is-glob: 4.0.3
      json-stable-stringify-without-jsonify: 1.0.1
      minimatch: 10.2.5
      natural-compare: 1.4.0
      optionator: 0.9.4
    transitivePeerDependencies:
      - supports-color

  espree@11.2.0:
    dependencies:
      acorn: 8.17.0
      acorn-jsx: 5.3.2(acorn@8.17.0)
      eslint-visitor-keys: 5.0.1

  esquery@1.7.0:
    dependencies:
      estraverse: 5.3.0

  esrecurse@4.3.0:
    dependencies:
      estraverse: 5.3.0

  estraverse@5.3.0: {}

  esutils@2.0.3: {}

  fast-deep-equal@3.1.3: {}

  fast-json-stable-stringify@2.1.0: {}

  fast-levenshtein@2.0.6: {}

  fdir@6.5.0(picomatch@4.0.5):
    optionalDependencies:
      picomatch: 4.0.5

  file-entry-cache@8.0.0:
    dependencies:
      flat-cache: 4.0.1

  find-up@5.0.0:
    dependencies:
      locate-path: 6.0.0
      path-exists: 4.0.0

  flat-cache@4.0.1:
    dependencies:
      flatted: 3.4.2
      keyv: 4.5.4

  flatted@3.4.2: {}

  glob-parent@6.0.2:
    dependencies:
      is-glob: 4.0.3

  ignore@5.3.2: {}

  ignore@7.0.6: {}

  imurmurhash@0.1.4: {}

  is-extglob@2.1.1: {}

  is-glob@4.0.3:
    dependencies:
      is-extglob: 2.1.1

  isexe@2.0.0: {}

  json-buffer@3.0.1: {}

  json-schema-traverse@0.4.1: {}

  json-stable-stringify-without-jsonify@1.0.1: {}

  keyv@4.5.4:
    dependencies:
      json-buffer: 3.0.1

  levn@0.4.1:
    dependencies:
      prelude-ls: 1.2.1
      type-check: 0.4.0

  locate-path@6.0.0:
    dependencies:
      p-locate: 5.0.0

  minimatch@10.2.5:
    dependencies:
      brace-expansion: 5.0.7

  ms@2.1.3: {}

  natural-compare@1.4.0: {}

  optionator@0.9.4:
    dependencies:
      deep-is: 0.1.4
      fast-levenshtein: 2.0.6
      levn: 0.4.1
      prelude-ls: 1.2.1
      type-check: 0.4.0
      word-wrap: 1.2.5

  p-limit@3.1.0:
    dependencies:
      yocto-queue: 0.1.0

  p-locate@5.0.0:
    dependencies:
      p-limit: 3.1.0

  path-exists@4.0.0: {}

  path-key@3.1.1: {}

  picomatch@4.0.5: {}

  prelude-ls@1.2.1: {}

  prettier@3.9.5: {}

  punycode@2.3.1: {}

  semver@7.8.5: {}

  shebang-command@2.0.0:
    dependencies:
      shebang-regex: 3.0.0

  shebang-regex@3.0.0: {}

  tinyglobby@0.2.17:
    dependencies:
      fdir: 6.5.0(picomatch@4.0.5)
      picomatch: 4.0.5

  ts-api-utils@2.5.0(typescript@6.0.3):
    dependencies:
      typescript: 6.0.3

  type-check@0.4.0:
    dependencies:
      prelude-ls: 1.2.1

  typescript-eslint@8.63.0(eslint@10.0.1)(typescript@6.0.3):
    dependencies:
      '@typescript-eslint/eslint-plugin': 8.63.0(@typescript-eslint/parser@8.63.0(eslint@10.0.1)(typescript@6.0.3))(eslint@10.0.1)(typescript@6.0.3)
      '@typescript-eslint/parser': 8.63.0(eslint@10.0.1)(typescript@6.0.3)
      '@typescript-eslint/typescript-estree': 8.63.0(typescript@6.0.3)
      '@typescript-eslint/utils': 8.63.0(eslint@10.0.1)(typescript@6.0.3)
      eslint: 10.0.1
      typescript: 6.0.3
    transitivePeerDependencies:
      - supports-color

  typescript@6.0.3: {}

  uri-js@4.4.1:
    dependencies:
      punycode: 2.3.1

  which@2.0.2:
    dependencies:
      isexe: 2.0.0

  word-wrap@1.2.5: {}

  yocto-queue@0.1.0: {}
