# This is a Gradle generated file for dependency locking.
# Manual edits can break the build and are not advised.
# This file is expected to be part of source control.
# To regenerate this file, run: ./gradlew :packages:kotlin-tex-core:dependencies --write-locks
ch.qos.logback:logback-classic:1.3.16=ktlint
ch.qos.logback:logback-core:1.3.16=ktlint
com.github.ajalt.clikt:clikt-jvm:5.0.3=ktlint
com.github.ajalt.clikt:clikt:5.0.3=ktlint
com.pinterest.ktlint:ktlint-cli-reporter-baseline:1.8.0=ktlint
com.pinterest.ktlint:ktlint-cli-reporter-checkstyle:1.8.0=ktlint
com.pinterest.ktlint:ktlint-cli-reporter-core:1.8.0=ktlint
com.pinterest.ktlint:ktlint-cli-reporter-format:1.8.0=ktlint
com.pinterest.ktlint:ktlint-cli-reporter-html:1.8.0=ktlint
com.pinterest.ktlint:ktlint-cli-reporter-json:1.8.0=ktlint
com.pinterest.ktlint:ktlint-cli-reporter-plain-summary:1.8.0=ktlint
com.pinterest.ktlint:ktlint-cli-reporter-plain:1.8.0=ktlint
com.pinterest.ktlint:ktlint-cli-reporter-sarif:1.8.0=ktlint
com.pinterest.ktlint:ktlint-cli-ruleset-core:1.8.0=ktlint,ktlintRuleset
com.pinterest.ktlint:ktlint-cli:1.8.0=ktlint
com.pinterest.ktlint:ktlint-logger:1.8.0=ktlint,ktlintRuleset
com.pinterest.ktlint:ktlint-rule-engine-core:1.8.0=ktlint,ktlintRuleset
com.pinterest.ktlint:ktlint-rule-engine:1.8.0=ktlint
com.pinterest.ktlint:ktlint-ruleset-standard:1.8.0=ktlint,ktlintRuleset
dev.drewhamilton.poko:poko-annotations-jvm:0.20.1=ktlint,ktlintRuleset
dev.drewhamilton.poko:poko-annotations:0.20.1=ktlint,ktlintRuleset
io.github.detekt.sarif4k:sarif4k-jvm:0.6.0=ktlint,ktlintReporter
io.github.detekt.sarif4k:sarif4k:0.6.0=ktlint,ktlintReporter
io.github.oshai:kotlin-logging-jvm:7.0.13=ktlint,ktlintReporter,ktlintRuleset
io.github.oshai:kotlin-logging:5.1.0=ktlint,ktlintReporter
junit:junit:4.13.2=androidHostTestCompileClasspath,androidHostTestRuntimeClasspath
org.apiguardian:apiguardian-api:1.1.2=jvmTestCompileClasspath
org.ec4j.core:ec4j-core:1.1.1=ktlint,ktlintRuleset
org.hamcrest:hamcrest-core:1.3=androidHostTestCompileClasspath,androidHostTestRuntimeClasspath
org.jetbrains.kotlin:kotlin-build-tools-api:2.4.0=kotlinBuildToolsApiClasspath,kotlinCompilerClasspath
org.jetbrains.kotlin:kotlin-build-tools-compat:2.4.0=kotlinBuildToolsApiClasspath,kotlinCompilerClasspath
org.jetbrains.kotlin:kotlin-build-tools-cri-impl:2.4.0=kotlinBuildToolsApiClasspath,kotlinCompilerClasspath
org.jetbrains.kotlin:kotlin-build-tools-impl:2.4.0=kotlinBuildToolsApiClasspath,kotlinCompilerClasspath
org.jetbrains.kotlin:kotlin-compiler-embeddable:2.2.21=ktlint,ktlintRuleset
org.jetbrains.kotlin:kotlin-compiler-embeddable:2.4.0=kotlinBuildToolsApiClasspath,kotlinCompilerClasspath
org.jetbrains.kotlin:kotlin-compiler-runner:2.4.0=kotlinBuildToolsApiClasspath,kotlinCompilerClasspath
org.jetbrains.kotlin:kotlin-daemon-client:2.4.0=kotlinBuildToolsApiClasspath,kotlinCompilerClasspath
org.jetbrains.kotlin:kotlin-daemon-embeddable:2.2.21=ktlint,ktlintRuleset
org.jetbrains.kotlin:kotlin-daemon-embeddable:2.4.0=kotlinBuildToolsApiClasspath,kotlinCompilerClasspath
org.jetbrains.kotlin:kotlin-native-prebuilt:2.4.0=kotlinNativeBundleConfiguration
org.jetbrains.kotlin:kotlin-reflect:1.6.10=kotlinBuildToolsApiClasspath,kotlinCompilerClasspath,ktlint,ktlintRuleset
org.jetbrains.kotlin:kotlin-script-runtime:2.2.21=ktlint,ktlintRuleset
org.jetbrains.kotlin:kotlin-script-runtime:2.4.0=kotlinBuildToolsApiClasspath,kotlinCompilerClasspath,kotlinCompilerPluginClasspathAndroidHostTest,kotlinCompilerPluginClasspathAndroidMain,kotlinCompilerPluginClasspathJvmMain,kotlinCompilerPluginClasspathJvmTest
org.jetbrains.kotlin:kotlin-scripting-common:2.4.0=kotlinCompilerPluginClasspathAndroidHostTest,kotlinCompilerPluginClasspathAndroidMain,kotlinCompilerPluginClasspathJvmMain,kotlinCompilerPluginClasspathJvmTest
org.jetbrains.kotlin:kotlin-scripting-compiler-embeddable:2.4.0=kotlinCompilerPluginClasspathAndroidHostTest,kotlinCompilerPluginClasspathAndroidMain,kotlinCompilerPluginClasspathJvmMain,kotlinCompilerPluginClasspathJvmTest
org.jetbrains.kotlin:kotlin-scripting-compiler-impl-embeddable:2.4.0=kotlinCompilerPluginClasspathAndroidHostTest,kotlinCompilerPluginClasspathAndroidMain,kotlinCompilerPluginClasspathJvmMain,kotlinCompilerPluginClasspathJvmTest
org.jetbrains.kotlin:kotlin-scripting-jvm:2.4.0=kotlinCompilerPluginClasspathAndroidHostTest,kotlinCompilerPluginClasspathAndroidMain,kotlinCompilerPluginClasspathJvmMain,kotlinCompilerPluginClasspathJvmTest
org.jetbrains.kotlin:kotlin-stdlib-common:2.2.21=ktlintReporter
org.jetbrains.kotlin:kotlin-stdlib-jdk7:1.8.0=ktlintReporter
org.jetbrains.kotlin:kotlin-stdlib-jdk8:1.8.0=ktlintReporter
org.jetbrains.kotlin:kotlin-stdlib:2.2.21=androidCompileClasspath,jvmCompileClasspath,jvmMainCompileClasspath,ktlint,ktlintReporter,ktlintRuleset,linuxX64CompileKlibraries,macosArm64CInterop,macosArm64CompileKlibraries,macosArm64TestCompileKlibraries,swiftPMDependenciesMetadataClasspath
org.jetbrains.kotlin:kotlin-stdlib:2.4.0=androidHostTestCompileClasspath,androidHostTestRuntimeClasspath,jvmTestCompileClasspath,jvmTestRuntimeClasspath,kotlinBuildToolsApiClasspath,kotlinCompilerClasspath,kotlinCompilerPluginClasspathAndroidHostTest,kotlinCompilerPluginClasspathAndroidMain,kotlinCompilerPluginClasspathJvmMain,kotlinCompilerPluginClasspathJvmTest
org.jetbrains.kotlin:kotlin-test-junit5:2.4.0=jvmTestCompileClasspath,jvmTestRuntimeClasspath
org.jetbrains.kotlin:kotlin-test-junit:2.4.0=androidHostTestCompileClasspath,androidHostTestRuntimeClasspath
org.jetbrains.kotlin:kotlin-test:2.4.0=androidHostTestCompileClasspath,androidHostTestRuntimeClasspath,jvmTestCompileClasspath,jvmTestRuntimeClasspath,macosArm64TestCompileKlibraries
org.jetbrains.kotlin:kotlin-tooling-core:2.4.0=kotlinBuildToolsApiClasspath,kotlinCompilerClasspath
org.jetbrains.kotlinx:atomicfu-macosarm64:0.26.1=macosArm64TestCompileKlibraries
org.jetbrains.kotlinx:atomicfu:0.26.1=macosArm64TestCompileKlibraries
org.jetbrains.kotlinx:kotlinx-coroutines-bom:1.10.2=androidHostTestCompileClasspath,androidHostTestRuntimeClasspath,jvmTestCompileClasspath,jvmTestRuntimeClasspath
org.jetbrains.kotlinx:kotlinx-coroutines-core-jvm:1.10.2=androidHostTestCompileClasspath,androidHostTestRuntimeClasspath,jvmTestCompileClasspath,jvmTestRuntimeClasspath
org.jetbrains.kotlinx:kotlinx-coroutines-core-jvm:1.8.0=kotlinBuildToolsApiClasspath,kotlinCompilerClasspath,ktlint,ktlintRuleset
org.jetbrains.kotlinx:kotlinx-coroutines-core-macosarm64:1.10.2=macosArm64TestCompileKlibraries
org.jetbrains.kotlinx:kotlinx-coroutines-core:1.10.2=androidHostTestCompileClasspath,androidHostTestRuntimeClasspath,jvmTestCompileClasspath,jvmTestRuntimeClasspath,macosArm64TestCompileKlibraries
org.jetbrains.kotlinx:kotlinx-coroutines-test-jvm:1.10.2=androidHostTestCompileClasspath,androidHostTestRuntimeClasspath,jvmTestCompileClasspath,jvmTestRuntimeClasspath
org.jetbrains.kotlinx:kotlinx-coroutines-test-macosarm64:1.10.2=macosArm64TestCompileKlibraries
org.jetbrains.kotlinx:kotlinx-coroutines-test:1.10.2=androidHostTestCompileClasspath,androidHostTestRuntimeClasspath,jvmTestCompileClasspath,jvmTestRuntimeClasspath,macosArm64TestCompileKlibraries
org.jetbrains.kotlinx:kotlinx-serialization-core-jvm:1.4.1=ktlintReporter
org.jetbrains.kotlinx:kotlinx-serialization-core:1.4.1=ktlintReporter
org.jetbrains.kotlinx:kotlinx-serialization-json-jvm:1.4.1=ktlintReporter
org.jetbrains.kotlinx:kotlinx-serialization-json:1.4.1=ktlintReporter
org.jetbrains:annotations:13.0=androidCompileClasspath,jvmCompileClasspath,jvmMainCompileClasspath,kotlinBuildToolsApiClasspath,kotlinCompilerClasspath,kotlinCompilerPluginClasspathAndroidHostTest,kotlinCompilerPluginClasspathAndroidMain,kotlinCompilerPluginClasspathJvmMain,kotlinCompilerPluginClasspathJvmTest,ktlint,ktlintReporter,ktlintRuleset
org.jetbrains:annotations:23.0.0=androidHostTestCompileClasspath,androidHostTestRuntimeClasspath,jvmTestCompileClasspath,jvmTestRuntimeClasspath
org.junit.jupiter:junit-jupiter-api:5.10.1=jvmTestCompileClasspath,jvmTestRuntimeClasspath
org.junit.jupiter:junit-jupiter-engine:5.10.1=jvmTestRuntimeClasspath
org.junit.platform:junit-platform-commons:1.10.1=jvmTestCompileClasspath,jvmTestRuntimeClasspath
org.junit.platform:junit-platform-engine:1.10.1=jvmTestRuntimeClasspath
org.junit.platform:junit-platform-launcher:1.10.1=jvmTestRuntimeClasspath
org.junit:junit-bom:5.10.1=jvmTestCompileClasspath,jvmTestRuntimeClasspath
org.opentest4j:opentest4j:1.3.0=jvmTestCompileClasspath,jvmTestRuntimeClasspath
org.slf4j:slf4j-api:2.0.7=ktlint
empty=androidApis,androidJdkImage,jvmMainAnnotationProcessor,jvmTestAnnotationProcessor,kotlinCompilerPluginClasspathMacosArm64Main,kotlinCompilerPluginClasspathMacosArm64Test,kotlinScriptDefExtensions,resolvableMacosArm64TestCompilationApi,swiftPMDependenciesForLockFilesMetadataClasspath,testKotlinScriptDefExtensions
